<?xml version="1.0" encoding="utf-8"?>
<Project ToolsVersion="4.0" xmlns="http://schemas.microsoft.com/developer/msbuild/2003">
  <ItemGroup>
    <Filter Include="Dependencies">
      <UniqueIdentifier>{6C01343A-5864-C3DE-01EA-FB94ED2B8F61}</UniqueIdentifier>
    </Filter>
    <Filter Include="Dependencies\spdlog">
      <UniqueIdentifier>{2480A45B-90E1-8169-194F-C81B85AFB828}</UniqueIdentifier>
    </Filter>
    <Filter Include="Dependencies\spdlog\src">
      <UniqueIdentifier>{3BB08B9C-A7E7-D333-B0F1-37571CA8FA2C}</UniqueIdentifier>
    </Filter>
    <Filter Include="src">
      <UniqueIdentifier>{2DAB880B-99B4-887C-2230-9F7C8E38947C}</UniqueIdentifier>
    </Filter>
    <Filter Include="src\vendor">
      <UniqueIdentifier>{EA4CE07F-D604-22CD-3F0C-FB282BE3BCBD}</UniqueIdentifier>
    </Filter>
    <Filter Include="src\vendor\glm">
      <UniqueIdentifier>{393CCCDF-250A-C0E5-0E9E-300CFA0A9C4A}</UniqueIdentifier>
    </Filter>
    <Filter Include="src\vendor\glm\detail">
      <UniqueIdentifier>{DB1973BD-4786-2EB8-107A-C6157CA55020}</UniqueIdentifier>
    </Filter>
    <Filter Include="src\vendor\glm\simd">
      <UniqueIdentifier>{35245B1D-A185-382B-2AF3-7EDD96536FEA}</UniqueIdentifier>
    </Filter>
  </ItemGroup>
  <ItemGroup>
    <ClInclude Include="src\Application.h">
      <Filter>src</Filter>
    </ClInclude>
    <ClInclude Include="src\LibraryManager.h">
      <Filter>src</Filter>
    </ClInclude>
    <ClInclude Include="src\Window.h" />
    <ClInclude Include="src\Logger.h">
      <Filter>src</Filter>
    </ClInclude>
    <ClInclude Include="src\OBJLoader.h">
      <Filter>src</Filter>
    </ClInclude>
    <ClInclude Include="src\OpenGLLogger.h">
      <Filter>src</Filter>
    </ClInclude>
    <ClInclude Include="src\vendor\glm\simd\common.h">
      <Filter>src\vendor\glm\simd</Filter>
    </ClInclude>
    <ClInclude Include="src\vendor\glm\simd\exponential.h">
      <Filter>src\vendor\glm\simd</Filter>
    </ClInclude>
    <ClInclude Include="src\vendor\glm\simd\geometric.h">
      <Filter>src\vendor\glm\simd</Filter>
    </ClInclude>
    <ClInclude Include="src\vendor\glm\simd\integer.h">
      <Filter>src\vendor\glm\simd</Filter>
    </ClInclude>
    <ClInclude Include="src\vendor\glm\simd\matrix.h">
      <Filter>src\vendor\glm\simd</Filter>
    </ClInclude>
    <ClInclude Include="src\vendor\glm\simd\neon.h">
      <Filter>src\vendor\glm\simd</Filter>
    </ClInclude>
    <ClInclude Include="src\vendor\glm\simd\packing.h">
      <Filter>src\vendor\glm\simd</Filter>
    </ClInclude>
    <ClInclude Include="src\vendor\glm\simd\platform.h">
      <Filter>src\vendor\glm\simd</Filter>
    </ClInclude>
    <ClInclude Include="src\vendor\glm\simd\trigonometric.h">
      <Filter>src\vendor\glm\simd</Filter>
    </ClInclude>
    <ClInclude Include="src\vendor\glm\simd\vector_relational.h">
      <Filter>src\vendor\glm\simd</Filter>
    </ClInclude>
    <ClInclude Include="src\Mesh.h" />
    <ClInclude Include="src\MeshRenderer.h" />
    <ClInclude Include="src\MeshDataType.h" />
    <ClInclude Include="src\Shader.h" />
  </ItemGroup>
  <ItemGroup>
    <ClCompile Include="Dependencies\spdlog\src\async.cpp">
      <Filter>Dependencies\spdlog\src</Filter>
    </ClCompile>
    <ClCompile Include="Dependencies\spdlog\src\bundled_fmtlib_format.cpp">
      <Filter>Dependencies\spdlog\src</Filter>
    </ClCompile>
    <ClCompile Include="Dependencies\spdlog\src\cfg.cpp">
      <Filter>Dependencies\spdlog\src</Filter>
    </ClCompile>
    <ClCompile Include="Dependencies\spdlog\src\color_sinks.cpp">
      <Filter>Dependencies\spdlog\src</Filter>
    </ClCompile>
    <ClCompile Include="Dependencies\spdlog\src\file_sinks.cpp">
      <Filter>Dependencies\spdlog\src</Filter>
    </ClCompile>
    <ClCompile Include="Dependencies\spdlog\src\spdlog.cpp">
      <Filter>Dependencies\spdlog\src</Filter>
    </ClCompile>
    <ClCompile Include="Dependencies\spdlog\src\stdout_sinks.cpp">
      <Filter>Dependencies\spdlog\src</Filter>
    </ClCompile>
    <ClCompile Include="src\Application.cpp">
      <Filter>src</Filter>
    </ClCompile>
    <ClCompile Include="src\LibraryManager.cpp">
      <Filter>src</Filter>
    </ClCompile>
    <ClCompile Include="src\main.cpp">
      <Filter>src</Filter>
    </ClCompile>
    <ClCompile Include="src\OpenGLLogger.h" />
    <ClCompile Include="src\Window.cpp" />
    <ClCompile Include="src\vendor\glm\detail\glm.cpp">
      <Filter>src\vendor\glm\detail</Filter>
    </ClCompile>
    <ClCompile Include="src\Mesh.cpp" />
    <ClCompile Include="src\MeshRenderer.cpp" />
    <ClCompile Include="src\Shader.cpp" />
  </ItemGroup>
</Project>